
Microsoft Visual Studio Solution File, Format Version 12.00
# Visual Studio Version 17
VisualStudioVersion = 17.1.32210.238
MinimumVisualStudioVersion = 10.0.40219.1
Project("{FAE04EC0-301F-11D3-BF4B-00C04F79EFBC}") = "CryptoScanner.UI", "CryptoScanner.UI\CryptoScanner.UI.csproj", "{0C2D86E3-E8D2-4A9B-8661-1430DF275799}"
EndProject
Project("{FAE04EC0-301F-11D3-BF4B-00C04F79EFBC}") = "CryptoScanner.App", "CryptoScanner.App\CryptoScanner.App.csproj", "{F61D9420-0068-403E-8D1B-83887DDF8013}"
EndProject
Project("{FAE04EC0-301F-11D3-BF4B-00C04F79EFBC}") = "CryptoScanner.Data", "CryptoScanner.Data\CryptoScanner.Data.csproj", "{B343F511-FC6A-41AA-8BB0-32DE1CB9173B}"
EndProject
Global
	GlobalSection(SolutionConfigurationPlatforms) = preSolution
		Debug|Any CPU = Debug|Any CPU
		Release|Any CPU = Release|Any CPU
	EndGlobalSection
	GlobalSection(ProjectConfigurationPlatforms) = postSolution
		{0C2D86E3-E8D2-4A9B-8661-1430DF275799}.Debug|Any CPU.ActiveCfg = Debug|Any CPU
		{0C2D86E3-E8D2-4A9B-8661-1430DF275799}.Debug|Any CPU.Build.0 = Debug|Any CPU
		{0C2D86E3-E8D2-4A9B-8661-1430DF275799}.Release|Any CPU.ActiveCfg = Release|Any CPU
		{0C2D86E3-E8D2-4A9B-8661-1430DF275799}.Release|Any CPU.Build.0 = Release|Any CPU
		{F61D9420-0068-403E-8D1B-83887DDF8013}.Debug|Any CPU.ActiveCfg = Debug|Any CPU
		{F61D9420-0068-403E-8D1B-83887DDF8013}.Debug|Any CPU.Build.0 = Debug|Any CPU
		{F61D9420-0068-403E-8D1B-83887DDF8013}.Release|Any CPU.ActiveCfg = Release|Any CPU
		{F61D9420-0068-403E-8D1B-83887DDF8013}.Release|Any CPU.Build.0 = Release|Any CPU
		{B343F511-FC6A-41AA-8BB0-32DE1CB9173B}.Debug|Any CPU.ActiveCfg = Debug|Any CPU
		{B343F511-FC6A-41AA-8BB0-32DE1CB9173B}.Debug|Any CPU.Build.0 = Debug|Any CPU
		{B343F511-FC6A-41AA-8BB0-32DE1CB9173B}.Release|Any CPU.ActiveCfg = Release|Any CPU
		{B343F511-FC6A-41AA-8BB0-32DE1CB9173B}.Release|Any CPU.Build.0 = Release|Any CPU
	EndGlobalSection
	GlobalSection(SolutionProperties) = preSolution
		HideSolutionNode = FALSE
	EndGlobalSection
	GlobalSection(ExtensibilityGlobals) = postSolution
		SolutionGuid = {3168CB71-2D8A-4280-8342-6B9B225A97F1}
	EndGlobalSection
EndGlobal
